
Microsoft Visual Studio Solution File, Format Version 11.00
# Visual Studio 2010
Project("{FAE04EC0-301F-11D3-BF4B-00C04F79EFBC}") = "helloMono", "helloMono\helloMono.csproj", "{7E993A8A-EEDA-4D24-95B8-0B2E71BABC42}"
EndProject
Project("{FAE04EC0-301F-11D3-BF4B-00C04F79EFBC}") = "rensyu", "rensyu\rensyu.csproj", "{9142A537-91E4-41FA-8791-AAC28FF12773}"
EndProject
Project("{FAE04EC0-301F-11D3-BF4B-00C04F79EFBC}") = "p11", "p11\p11.csproj", "{629BE223-01DB-49B9-B509-1004B57E3F55}"
EndProject
Project("{FAE04EC0-301F-11D3-BF4B-00C04F79EFBC}") = "p12", "p12\p12.csproj", "{BA112CD0-8B33-43EF-BAC8-15F45AE8AE59}"
EndProject
Project("{FAE04EC0-301F-11D3-BF4B-00C04F79EFBC}") = "p13", "p13\p13.csproj", "{4EEFF362-49AC-4B85-93E3-6C6CDE79445D}"
EndProject
Project("{FAE04EC0-301F-11D3-BF4B-00C04F79EFBC}") = "p14", "p14\p14.csproj", "{4FB930F7-80BE-4254-8C37-792A0D642F02}"
EndProject
Project("{FAE04EC0-301F-11D3-BF4B-00C04F79EFBC}") = "p15.16", "p15.16\p15.16.csproj", "{6A3E5C17-C4C9-4500-8F97-E6668A51E95D}"
EndProject
Project("{FAE04EC0-301F-11D3-BF4B-00C04F79EFBC}") = "p17", "p17\p17.csproj", "{9C8788B4-EEE0-4301-B017-66DED4C6D2AB}"
EndProject
Project("{FAE04EC0-301F-11D3-BF4B-00C04F79EFBC}") = "p18", "p18\p18.csproj", "{CDBB6608-C35F-4E81-8759-F28808D119DF}"
EndProject
Project("{FAE04EC0-301F-11D3-BF4B-00C04F79EFBC}") = "p19", "p19\p19.csproj", "{24D851E0-35BF-435D-8184-504BCDBFD3B0}"
EndProject
Project("{FAE04EC0-301F-11D3-BF4B-00C04F79EFBC}") = "p20", "p20\p20.csproj", "{A8B93CCC-98E4-4AF7-B397-D80981E8B451}"
EndProject
Global
	GlobalSection(SolutionConfigurationPlatforms) = preSolution
		Debug|x86 = Debug|x86
		Release|x86 = Release|x86
	EndGlobalSection
	GlobalSection(ProjectConfigurationPlatforms) = postSolution
		{24D851E0-35BF-435D-8184-504BCDBFD3B0}.Debug|x86.ActiveCfg = Debug|x86
		{24D851E0-35BF-435D-8184-504BCDBFD3B0}.Debug|x86.Build.0 = Debug|x86
		{24D851E0-35BF-435D-8184-504BCDBFD3B0}.Release|x86.ActiveCfg = Release|x86
		{24D851E0-35BF-435D-8184-504BCDBFD3B0}.Release|x86.Build.0 = Release|x86
		{4EEFF362-49AC-4B85-93E3-6C6CDE79445D}.Debug|x86.ActiveCfg = Debug|x86
		{4EEFF362-49AC-4B85-93E3-6C6CDE79445D}.Debug|x86.Build.0 = Debug|x86
		{4EEFF362-49AC-4B85-93E3-6C6CDE79445D}.Release|x86.ActiveCfg = Release|x86
		{4EEFF362-49AC-4B85-93E3-6C6CDE79445D}.Release|x86.Build.0 = Release|x86
		{4FB930F7-80BE-4254-8C37-792A0D642F02}.Debug|x86.ActiveCfg = Debug|x86
		{4FB930F7-80BE-4254-8C37-792A0D642F02}.Debug|x86.Build.0 = Debug|x86
		{4FB930F7-80BE-4254-8C37-792A0D642F02}.Release|x86.ActiveCfg = Release|x86
		{4FB930F7-80BE-4254-8C37-792A0D642F02}.Release|x86.Build.0 = Release|x86
		{629BE223-01DB-49B9-B509-1004B57E3F55}.Debug|x86.ActiveCfg = Debug|x86
		{629BE223-01DB-49B9-B509-1004B57E3F55}.Debug|x86.Build.0 = Debug|x86
		{629BE223-01DB-49B9-B509-1004B57E3F55}.Release|x86.ActiveCfg = Release|x86
		{629BE223-01DB-49B9-B509-1004B57E3F55}.Release|x86.Build.0 = Release|x86
		{6A3E5C17-C4C9-4500-8F97-E6668A51E95D}.Debug|x86.ActiveCfg = Debug|x86
		{6A3E5C17-C4C9-4500-8F97-E6668A51E95D}.Debug|x86.Build.0 = Debug|x86
		{6A3E5C17-C4C9-4500-8F97-E6668A51E95D}.Release|x86.ActiveCfg = Release|x86
		{6A3E5C17-C4C9-4500-8F97-E6668A51E95D}.Release|x86.Build.0 = Release|x86
		{7E993A8A-EEDA-4D24-95B8-0B2E71BABC42}.Debug|x86.ActiveCfg = Debug|x86
		{7E993A8A-EEDA-4D24-95B8-0B2E71BABC42}.Debug|x86.Build.0 = Debug|x86
		{7E993A8A-EEDA-4D24-95B8-0B2E71BABC42}.Release|x86.ActiveCfg = Release|x86
		{7E993A8A-EEDA-4D24-95B8-0B2E71BABC42}.Release|x86.Build.0 = Release|x86
		{9142A537-91E4-41FA-8791-AAC28FF12773}.Debug|x86.ActiveCfg = Debug|x86
		{9142A537-91E4-41FA-8791-AAC28FF12773}.Debug|x86.Build.0 = Debug|x86
		{9142A537-91E4-41FA-8791-AAC28FF12773}.Release|x86.ActiveCfg = Release|x86
		{9142A537-91E4-41FA-8791-AAC28FF12773}.Release|x86.Build.0 = Release|x86
		{9C8788B4-EEE0-4301-B017-66DED4C6D2AB}.Debug|x86.ActiveCfg = Debug|x86
		{9C8788B4-EEE0-4301-B017-66DED4C6D2AB}.Debug|x86.Build.0 = Debug|x86
		{9C8788B4-EEE0-4301-B017-66DED4C6D2AB}.Release|x86.ActiveCfg = Release|x86
		{9C8788B4-EEE0-4301-B017-66DED4C6D2AB}.Release|x86.Build.0 = Release|x86
		{A8B93CCC-98E4-4AF7-B397-D80981E8B451}.Debug|x86.ActiveCfg = Debug|x86
		{A8B93CCC-98E4-4AF7-B397-D80981E8B451}.Debug|x86.Build.0 = Debug|x86
		{A8B93CCC-98E4-4AF7-B397-D80981E8B451}.Release|x86.ActiveCfg = Release|x86
		{A8B93CCC-98E4-4AF7-B397-D80981E8B451}.Release|x86.Build.0 = Release|x86
		{BA112CD0-8B33-43EF-BAC8-15F45AE8AE59}.Debug|x86.ActiveCfg = Debug|x86
		{BA112CD0-8B33-43EF-BAC8-15F45AE8AE59}.Debug|x86.Build.0 = Debug|x86
		{BA112CD0-8B33-43EF-BAC8-15F45AE8AE59}.Release|x86.ActiveCfg = Release|x86
		{BA112CD0-8B33-43EF-BAC8-15F45AE8AE59}.Release|x86.Build.0 = Release|x86
		{CDBB6608-C35F-4E81-8759-F28808D119DF}.Debug|x86.ActiveCfg = Debug|x86
		{CDBB6608-C35F-4E81-8759-F28808D119DF}.Debug|x86.Build.0 = Debug|x86
		{CDBB6608-C35F-4E81-8759-F28808D119DF}.Release|x86.ActiveCfg = Release|x86
		{CDBB6608-C35F-4E81-8759-F28808D119DF}.Release|x86.Build.0 = Release|x86
	EndGlobalSection
	GlobalSection(MonoDevelopProperties) = preSolution
		StartupItem = p19\p19.csproj
	EndGlobalSection
EndGlobal
